// !$*UTF8*$!
{
	archiveVersion = 1;
	classes = {
	};
	objectVersion = 56;
	objects = {

/* Begin PBXBuildFile section */
		D5BE1E852C1B3BFB0014DD7C /* SwiftData_Technique_ProjectApp.swift in Sources */ = {isa = PBXBuildFile; fileRef = D5BE1E842C1B3BFB0014DD7C /* SwiftData_Technique_ProjectApp.swift */; };
		D5BE1E872C1B3BFB0014DD7C /* ContentView.swift in Sources */ = {isa = PBXBuildFile; fileRef = D5BE1E862C1B3BFB0014DD7C /* ContentView.swift */; };
		D5BE1E892C1B3BFD0014DD7C /* Assets.xcassets in Resources */ = {isa = PBXBuildFile; fileRef = D5BE1E882C1B3BFD0014DD7C /* Assets.xcassets */; };
		D5BE1E8C2C1B3BFD0014DD7C /* Preview Assets.xcassets in Resources */ = {isa = PBXBuildFile; fileRef = D5BE1E8B2C1B3BFD0014DD7C /* Preview Assets.xcassets */; };
		D5BE1E932C1B54650014DD7C /* User.swift in Sources */ = {isa = PBXBuildFile; fileRef = D5BE1E922C1B54650014DD7C /* User.swift */; };
		D5BE1E972C1B87360014DD7C /* UsersView.swift in Sources */ = {isa = PBXBuildFile; fileRef = D5BE1E962C1B87360014DD7C /* UsersView.swift */; };
		D5BE1E992C1B9ACD0014DD7C /* Job.swift in Sources */ = {isa = PBXBuildFile; fileRef = D5BE1E982C1B9ACD0014DD7C /* Job.swift */; };
/* End PBXBuildFile section */

/* Begin PBXFileReference section */
		D5BE1E812C1B3BFB0014DD7C /* SwiftData Technique Project.app */ = {isa = PBXFileReference; explicitFileType = wrapper.application; includeInIndex = 0; path = "SwiftData Technique Project.app"; sourceTree = BUILT_PRODUCTS_DIR; };
		D5BE1E842C1B3BFB0014DD7C /* SwiftData_Technique_ProjectApp.swift */ = {isa = PBXFileReference; lastKnownFileType = sourcecode.swift; path = SwiftData_Technique_ProjectApp.swift; sourceTree = "<group>"; };
		D5BE1E862C1B3BFB0014DD7C /* ContentView.swift */ = {isa = PBXFileReference; lastKnownFileType = sourcecode.swift; path = ContentView.swift; sourceTree = "<group>"; };
		D5BE1E882C1B3BFD0014DD7C /* Assets.xcassets */ = {isa = PBXFileReference; lastKnownFileType = folder.assetcatalog; path = Assets.xcassets; sourceTree = "<group>"; };
		D5BE1E8B2C1B3BFD0014DD7C /* Preview Assets.xcassets */ = {isa = PBXFileReference; lastKnownFileType = folder.assetcatalog; path = "Preview Assets.xcassets"; sourceTree = "<group>"; };
		D5BE1E922C1B54650014DD7C /* User.swift */ = {isa = PBXFileReference; lastKnownFileType = sourcecode.swift; path = User.swift; sourceTree = "<group>"; };
		D5BE1E962C1B87360014DD7C /* UsersView.swift */ = {isa = PBXFileReference; lastKnownFileType = sourcecode.swift; path = UsersView.swift; sourceTree = "<group>"; };
		D5BE1E982C1B9ACD0014DD7C /* Job.swift */ = {isa = PBXFileReference; lastKnownFileType = sourcecode.swift; path = Job.swift; sourceTree = "<group>"; };
		D5BE1E9A2C1C83080014DD7C /* SwiftData-Technique-Project-Info.plist */ = {isa = PBXFileReference; lastKnownFileType = text.plist; path = "SwiftData-Technique-Project-Info.plist"; sourceTree = SOURCE_ROOT; };
/* End PBXFileReference section */

/* Begin PBXFrameworksBuildPhase section */
		D5BE1E7E2C1B3BFB0014DD7C /* Frameworks */ = {
			isa = PBXFrameworksBuildPhase;
			buildActionMask = 2147483647;
			files = (
			);
			runOnlyForDeploymentPostprocessing = 0;
		};
/* End PBXFrameworksBuildPhase section */

/* Begin PBXGroup section */
		D5BE1E782C1B3BFB0014DD7C = {
			isa = PBXGroup;
			children = (
				D5BE1E832C1B3BFB0014DD7C /* SwiftData Technique Project */,
				D5BE1E822C1B3BFB0014DD7C /* Products */,
			);
			sourceTree = "<group>";
		};
		D5BE1E822C1B3BFB0014DD7C /* Products */ = {
			isa = PBXGroup;
			children = (
				D5BE1E812C1B3BFB0014DD7C /* SwiftData Technique Project.app */,
			);
			name = Products;
			sourceTree = "<group>";
		};
		D5BE1E832C1B3BFB0014DD7C /* SwiftData Technique Project */ = {
			isa = PBXGroup;
			children = (
				D5BE1E9A2C1C83080014DD7C /* SwiftData-Technique-Project-Info.plist */,
				D5BE1E842C1B3BFB0014DD7C /* SwiftData_Technique_ProjectApp.swift */,
				D5BE1E862C1B3BFB0014DD7C /* ContentView.swift */,
				D5BE1E962C1B87360014DD7C /* UsersView.swift */,
				D5BE1E982C1B9ACD0014DD7C /* Job.swift */,
				D5BE1E922C1B54650014DD7C /* User.swift */,
				D5BE1E882C1B3BFD0014DD7C /* Assets.xcassets */,
				D5BE1E8A2C1B3BFD0014DD7C /* Preview Content */,
			);
			path = "SwiftData Technique Project";
			sourceTree = "<group>";
		};
		D5BE1E8A2C1B3BFD0014DD7C /* Preview Content */ = {
			isa = PBXGroup;
			children = (
				D5BE1E8B2C1B3BFD0014DD7C /* Preview Assets.xcassets */,
			);
			path = "Preview Content";
			sourceTree = "<group>";
		};
/* End PBXGroup section */

/* Begin PBXNativeTarget section */
		D5BE1E802C1B3BFB0014DD7C /* SwiftData Technique Project */ = {
			isa = PBXNativeTarget;
			buildConfigurationList = D5BE1E8F2C1B3BFD0014DD7C /* Build configuration list for PBXNativeTarget "SwiftData Technique Project" */;
			buildPhases = (
				D5BE1E7D2C1B3BFB0014DD7C /* Sources */,
				D5BE1E7E2C1B3BFB0014DD7C /* Frameworks */,
				D5BE1E7F2C1B3BFB0014DD7C /* Resources */,
			);
			buildRules = (
			);
			dependencies = (
			);
			name = "SwiftData Technique Project";
			productName = "SwiftData Technique Project";
			productReference = D5BE1E812C1B3BFB0014DD7C /* SwiftData Technique Project.app */;
			productType = "com.apple.product-type.application";
		};
/* End PBXNativeTarget section */

/* Begin PBXProject section */
		D5BE1E792C1B3BFB0014DD7C /* Project object */ = {
			isa = PBXProject;
			attributes = {
				BuildIndependentTargetsInParallel = 1;
				LastSwiftUpdateCheck = 1540;
				LastUpgradeCheck = 1540;
				TargetAttributes = {
					D5BE1E802C1B3BFB0014DD7C = {
						CreatedOnToolsVersion = 15.4;
					};
				};
			};
			buildConfigurationList = D5BE1E7C2C1B3BFB0014DD7C /* Build configuration list for PBXProject "SwiftData Technique Project" */;
			compatibilityVersion = "Xcode 14.0";
			developmentRegion = en;
			hasScannedForEncodings = 0;
			knownRegions = (
				en,
				Base,
			);
			mainGroup = D5BE1E782C1B3BFB0014DD7C;
			productRefGroup = D5BE1E822C1B3BFB0014DD7C /* Products */;
			projectDirPath = "";
			projectRoot = "";
			targets = (
				D5BE1E802C1B3BFB0014DD7C /* SwiftData Technique Project */,
			);
		};
/* End PBXProject section */

/* Begin PBXResourcesBuildPhase section */
		D5BE1E7F2C1B3BFB0014DD7C /* Resources */ = {
			isa = PBXResourcesBuildPhase;
			buildActionMask = 2147483647;
			files = (
				D5BE1E8C2C1B3BFD0014DD7C /* Preview Assets.xcassets in Resources */,
				D5BE1E892C1B3BFD0014DD7C /* Assets.xcassets in Resources */,
			);
			runOnlyForDeploymentPostprocessing = 0;
		};
/* End PBXResourcesBuildPhase section */

/* Begin PBXSourcesBuildPhase section */
		D5BE1E7D2C1B3BFB0014DD7C /* Sources */ = {
			isa = PBXSourcesBuildPhase;
			buildActionMask = 2147483647;
			files = (
				D5BE1E872C1B3BFB0014DD7C /* ContentView.swift in Sources */,
				D5BE1E852C1B3BFB0014DD7C /* SwiftData_Technique_ProjectApp.swift in Sources */,
				D5BE1E932C1B54650014DD7C /* User.swift in Sources */,
				D5BE1E972C1B87360014DD7C /* UsersView.swift in Sources */,
				D5BE1E992C1B9ACD0014DD7C /* Job.swift in Sources */,
			);
			runOnlyForDeploymentPostprocessing = 0;
		};
/* End PBXSourcesBuildPhase section */

/* Begin XCBuildConfiguration section */
		D5BE1E8D2C1B3BFD0014DD7C /* Debug */ = {
			isa = XCBuildConfiguration;
			buildSettings = {
				ALWAYS_SEARCH_USER_PATHS = NO;
				ASSETCATALOG_COMPILER_GENERATE_SWIFT_ASSET_SYMBOL_EXTENSIONS = YES;
				CLANG_ANALYZER_NONNULL = YES;
				CLANG_ANALYZER_NUMBER_OBJECT_CONVERSION = YES_AGGRESSIVE;
				CLANG_CXX_LANGUAGE_STANDARD = "gnu++20";
				CLANG_ENABLE_MODULES = YES;
				CLANG_ENABLE_OBJC_ARC = YES;
				CLANG_ENABLE_OBJC_WEAK = YES;
				CLANG_WARN_BLOCK_CAPTURE_AUTORELEASING = YES;
				CLANG_WARN_BOOL_CONVERSION = YES;
				CLANG_WARN_COMMA = YES;
				CLANG_WARN_CONSTANT_CONVERSION = YES;
				CLANG_WARN_DEPRECATED_OBJC_IMPLEMENTATIONS = YES;
				CLANG_WARN_DIRECT_OBJC_ISA_USAGE = YES_ERROR;
				CLANG_WARN_DOCUMENTATION_COMMENTS = YES;
				CLANG_WARN_EMPTY_BODY = YES;
				CLANG_WARN_ENUM_CONVERSION = YES;
				CLANG_WARN_INFINITE_RECURSION = YES;
				CLANG_WARN_INT_CONVERSION = YES;
				CLANG_WARN_NON_LITERAL_NULL_CONVERSION = YES;
				CLANG_WARN_OBJC_IMPLICIT_RETAIN_SELF = YES;
				CLANG_WARN_OBJC_LITERAL_CONVERSION = YES;
				CLANG_WARN_OBJC_ROOT_CLASS = YES_ERROR;
				CLANG_WARN_QUOTED_INCLUDE_IN_FRAMEWORK_HEADER = YES;
				CLANG_WARN_RANGE_LOOP_ANALYSIS = YES;
				CLANG_WARN_STRICT_PROTOTYPES = YES;
				CLANG_WARN_SUSPICIOUS_MOVE = YES;
				CLANG_WARN_UNGUARDED_AVAILABILITY = YES_AGGRESSIVE;
				CLANG_WARN_UNREACHABLE_CODE = YES;
				CLANG_WARN__DUPLICATE_METHOD_MATCH = YES;
				COPY_PHASE_STRIP = NO;
				DEBUG_INFORMATION_FORMAT = dwarf;
				ENABLE_STRICT_OBJC_MSGSEND = YES;
				ENABLE_TESTABILITY = YES;
				ENABLE_USER_SCRIPT_SANDBOXING = YES;
				GCC_C_LANGUAGE_STANDARD = gnu17;
				GCC_DYNAMIC_NO_PIC = NO;
				GCC_NO_COMMON_BLOCKS = YES;
				GCC_OPTIMIZATION_LEVEL = 0;
				GCC_PREPROCESSOR_DEFINITIONS = (
					"DEBUG=1",
					"$(inherited)",
				);
				GCC_WARN_64_TO_32_BIT_CONVERSION = YES;
				GCC_WARN_ABOUT_RETURN_TYPE = YES_ERROR;
				GCC_WARN_UNDECLARED_SELECTOR = YES;
				GCC_WARN_UNINITIALIZED_AUTOS = YES_AGGRESSIVE;
				GCC_WARN_UNUSED_FUNCTION = YES;
				GCC_WARN_UNUSED_VARIABLE = YES;
				IPHONEOS_DEPLOYMENT_TARGET = 17.5;
				LOCALIZATION_PREFERS_STRING_CATALOGS = YES;
				MTL_ENABLE_DEBUG_INFO = INCLUDE_SOURCE;
				MTL_FAST_MATH = YES;
				ONLY_ACTIVE_ARCH = YES;
				SDKROOT = iphoneos;
				SWIFT_ACTIVE_COMPILATION_CONDITIONS = "DEBUG $(inherited)";
				SWIFT_OPTIMIZATION_LEVEL = "-Onone";
			};
			name = Debug;
		};
		D5BE1E8E2C1B3BFD0014DD7C /* Release */ = {
			isa = XCBuildConfiguration;
			buildSettings = {
				ALWAYS_SEARCH_USER_PATHS = NO;
				ASSETCATALOG_COMPILER_GENERATE_SWIFT_ASSET_SYMBOL_EXTENSIONS = YES;
				CLANG_ANALYZER_NONNULL = YES;
				CLANG_ANALYZER_NUMBER_OBJECT_CONVERSION = YES_AGGRESSIVE;
				CLANG_CXX_LANGUAGE_STANDARD = "gnu++20";
				CLANG_ENABLE_MODULES = YES;
				CLANG_ENABLE_OBJC_ARC = YES;
				CLANG_ENABLE_OBJC_WEAK = YES;
				CLANG_WARN_BLOCK_CAPTURE_AUTORELEASING = YES;
				CLANG_WARN_BOOL_CONVERSION = YES;
				CLANG_WARN_COMMA = YES;
				CLANG_WARN_CONSTANT_CONVERSION = YES;
				CLANG_WARN_DEPRECATED_OBJC_IMPLEMENTATIONS = YES;
				CLANG_WARN_DIRECT_OBJC_ISA_USAGE = YES_ERROR;
				CLANG_WARN_DOCUMENTATION_COMMENTS = YES;
				CLANG_WARN_EMPTY_BODY = YES;
				CLANG_WARN_ENUM_CONVERSION = YES;
				CLANG_WARN_INFINITE_RECURSION = YES;
				CLANG_WARN_INT_CONVERSION = YES;
				CLANG_WARN_NON_LITERAL_NULL_CONVERSION = YES;
				CLANG_WARN_OBJC_IMPLICIT_RETAIN_SELF = YES;
				CLANG_WARN_OBJC_LITERAL_CONVERSION = YES;
				CLANG_WARN_OBJC_ROOT_CLASS = YES_ERROR;
				CLANG_WARN_QUOTED_INCLUDE_IN_FRAMEWORK_HEADER = YES;
				CLANG_WARN_RANGE_LOOP_ANALYSIS = YES;
				CLANG_WARN_STRICT_PROTOTYPES = YES;
				CLANG_WARN_SUSPICIOUS_MOVE = YES;
				CLANG_WARN_UNGUARDED_AVAILABILITY = YES_AGGRESSIVE;
				CLANG_WARN_UNREACHABLE_CODE = YES;
				CLANG_WARN__DUPLICATE_METHOD_MATCH = YES;
				COPY_PHASE_STRIP = NO;
				DEBUG_INFORMATION_FORMAT = "dwarf-with-dsym";
				ENABLE_NS_ASSERTIONS = NO;
				ENABLE_STRICT_OBJC_MSGSEND = YES;
				ENABLE_USER_SCRIPT_SANDBOXING = YES;
				GCC_C_LANGUAGE_STANDARD = gnu17;
				GCC_NO_COMMON_BLOCKS = YES;
				GCC_WARN_64_TO_32_BIT_CONVERSION = YES;
				GCC_WARN_ABOUT_RETURN_TYPE = YES_ERROR;
				GCC_WARN_UNDECLARED_SELECTOR = YES;
				GCC_WARN_UNINITIALIZED_AUTOS = YES_AGGRESSIVE;
				GCC_WARN_UNUSED_FUNCTION = YES;
				GCC_WARN_UNUSED_VARIABLE = YES;
				IPHONEOS_DEPLOYMENT_TARGET = 17.5;
				LOCALIZATION_PREFERS_STRING_CATALOGS = YES;
				MTL_ENABLE_DEBUG_INFO = NO;
				MTL_FAST_MATH = YES;
				SDKROOT = iphoneos;
				SWIFT_COMPILATION_MODE = wholemodule;
				VALIDATE_PRODUCT = YES;
			};
			name = Release;
		};
		D5BE1E902C1B3BFD0014DD7C /* Debug */ = {
			isa = XCBuildConfiguration;
			buildSettings = {
				ASSETCATALOG_COMPILER_APPICON_NAME = AppIcon;
				ASSETCATALOG_COMPILER_GLOBAL_ACCENT_COLOR_NAME = AccentColor;
				CODE_SIGN_STYLE = Automatic;
				CURRENT_PROJECT_VERSION = 1;
				DEVELOPMENT_ASSET_PATHS = "\"SwiftData Technique Project/Preview Content\"";
				DEVELOPMENT_TEAM = ZJC8SV6Q33;
				ENABLE_PREVIEWS = YES;
				GENERATE_INFOPLIST_FILE = YES;
				INFOPLIST_FILE = "SwiftData-Technique-Project-Info.plist";
				INFOPLIST_KEY_UIApplicationSceneManifest_Generation = YES;
				INFOPLIST_KEY_UIApplicationSupportsIndirectInputEvents = YES;
				INFOPLIST_KEY_UILaunchScreen_Generation = YES;
				INFOPLIST_KEY_UISupportedInterfaceOrientations_iPad = "UIInterfaceOrientationPortrait UIInterfaceOrientationPortraitUpsideDown UIInterfaceOrientationLandscapeLeft UIInterfaceOrientationLandscapeRight";
				INFOPLIST_KEY_UISupportedInterfaceOrientations_iPhone = "UIInterfaceOrientationPortrait UIInterfaceOrientationLandscapeLeft UIInterfaceOrientationLandscapeRight";
				LD_RUNPATH_SEARCH_PATHS = (
					"$(inherited)",
					"@executable_path/Frameworks",
				);
				MARKETING_VERSION = 1.0;
				PRODUCT_BUNDLE_IDENTIFIER = "com.mehmetalpsonmez.SwiftData-Technique-Project";
				PRODUCT_NAME = "$(TARGET_NAME)";
				SWIFT_EMIT_LOC_STRINGS = YES;
				SWIFT_VERSION = 5.0;
				TARGETED_DEVICE_FAMILY = "1,2";
			};
			name = Debug;
		};
		D5BE1E912C1B3BFD0014DD7C /* Release */ = {
			isa = XCBuildConfiguration;
			buildSettings = {
				ASSETCATALOG_COMPILER_APPICON_NAME = AppIcon;
				ASSETCATALOG_COMPILER_GLOBAL_ACCENT_COLOR_NAME = AccentColor;
				CODE_SIGN_STYLE = Automatic;
				CURRENT_PROJECT_VERSION = 1;
				DEVELOPMENT_ASSET_PATHS = "\"SwiftData Technique Project/Preview Content\"";
				DEVELOPMENT_TEAM = ZJC8SV6Q33;
				ENABLE_PREVIEWS = YES;
				GENERATE_INFOPLIST_FILE = YES;
				INFOPLIST_FILE = "SwiftData-Technique-Project-Info.plist";
				INFOPLIST_KEY_UIApplicationSceneManifest_Generation = YES;
				INFOPLIST_KEY_UIApplicationSupportsIndirectInputEvents = YES;
				INFOPLIST_KEY_UILaunchScreen_Generation = YES;
				INFOPLIST_KEY_UISupportedInterfaceOrientations_iPad = "UIInterfaceOrientationPortrait UIInterfaceOrientationPortraitUpsideDown UIInterfaceOrientationLandscapeLeft UIInterfaceOrientationLandscapeRight";
				INFOPLIST_KEY_UISupportedInterfaceOrientations_iPhone = "UIInterfaceOrientationPortrait UIInterfaceOrientationLandscapeLeft UIInterfaceOrientationLandscapeRight";
				LD_RUNPATH_SEARCH_PATHS = (
					"$(inherited)",
					"@executable_path/Frameworks",
				);
				MARKETING_VERSION = 1.0;
				PRODUCT_BUNDLE_IDENTIFIER = "com.mehmetalpsonmez.SwiftData-Technique-Project";
				PRODUCT_NAME = "$(TARGET_NAME)";
				SWIFT_EMIT_LOC_STRINGS = YES;
				SWIFT_VERSION = 5.0;
				TARGETED_DEVICE_FAMILY = "1,2";
			};
			name = Release;
		};
/* End XCBuildConfiguration section */

/* Begin XCConfigurationList section */
		D5BE1E7C2C1B3BFB0014DD7C /* Build configuration list for PBXProject "SwiftData Technique Project" */ = {
			isa = XCConfigurationList;
			buildConfigurations = (
				D5BE1E8D2C1B3BFD0014DD7C /* Debug */,
				D5BE1E8E2C1B3BFD0014DD7C /* Release */,
			);
			defaultConfigurationIsVisible = 0;
			defaultConfigurationName = Release;
		};
		D5BE1E8F2C1B3BFD0014DD7C /* Build configuration list for PBXNativeTarget "SwiftData Technique Project" */ = {
			isa = XCConfigurationList;
			buildConfigurations = (
				D5BE1E902C1B3BFD0014DD7C /* Debug */,
				D5BE1E912C1B3BFD0014DD7C /* Release */,
			);
			defaultConfigurationIsVisible = 0;
			defaultConfigurationName = Release;
		};
/* End XCConfigurationList section */
	};
	rootObject = D5BE1E792C1B3BFB0014DD7C /* Project object */;
}
